
Microsoft Visual Studio Solution File, Format Version 12.00
# Visual Studio 15
VisualStudioVersion = 15.0.27130.2024
MinimumVisualStudioVersion = 10.0.40219.1
Project("{FAE04EC0-301F-11D3-BF4B-00C04F79EFBC}") = "Webapi", "Webapi\Webapi.csproj", "{8B229FC5-F366-453A-85B0-8DF600915082}"
EndProject
Global
	GlobalSection(SolutionConfigurationPlatforms) = preSolution
		Debug|Any CPU = Debug|Any CPU
		Release|Any CPU = Release|Any CPU
	EndGlobalSection
	GlobalSection(ProjectConfigurationPlatforms) = postSolution
		{8B229FC5-F366-453A-85B0-8DF600915082}.Debug|Any CPU.ActiveCfg = Debug|Any CPU
		{8B229FC5-F366-453A-85B0-8DF600915082}.Debug|Any CPU.Build.0 = Debug|Any CPU
		{8B229FC5-F366-453A-85B0-8DF600915082}.Release|Any CPU.ActiveCfg = Release|Any CPU
		{8B229FC5-F366-453A-85B0-8DF600915082}.Release|Any CPU.Build.0 = Release|Any CPU
	EndGlobalSection
	GlobalSection(SolutionProperties) = preSolution
		HideSolutionNode = FALSE
	EndGlobalSection
	GlobalSection(ExtensibilityGlobals) = postSolution
		SolutionGuid = {4B22E686-E8D7-4403-8DD8-7B6CABB9E0D8}
	EndGlobalSection
EndGlobal
